// !$*UTF8*$!
{
	archiveVersion = 1;
	classes = {
	};
	objectVersion = 46;
	objects = {

/* Begin PBXBuildFile section */
		9DAD058F14D0A86400B3361C /* UIKit.framework in Frameworks */ = {isa = PBXBuildFile; fileRef = 9DAD058E14D0A86400B3361C /* UIKit.framework */; };
		9DAD059114D0A86400B3361C /* Foundation.framework in Frameworks */ = {isa = PBXBuildFile; fileRef = 9DAD059014D0A86400B3361C /* Foundation.framework */; };
		9DAD059314D0A86400B3361C /* CoreGraphics.framework in Frameworks */ = {isa = PBXBuildFile; fileRef = 9DAD059214D0A86400B3361C /* CoreGraphics.framework */; };
		9DAD059914D0A86400B3361C /* InfoPlist.strings in Resources */ = {isa = PBXBuildFile; fileRef = 9DAD059714D0A86400B3361C /* InfoPlist.strings */; };
		9DAD059B14D0A86400B3361C /* main.m in Sources */ = {isa = PBXBuildFile; fileRef = 9DAD059A14D0A86400B3361C /* main.m */; };
		9DAD059F14D0A86400B3361C /* AppDelegate.m in Sources */ = {isa = PBXBuildFile; fileRef = 9DAD059E14D0A86400B3361C /* AppDelegate.m */; };
		9DAD05A214D0A86400B3361C /* ViewController.m in Sources */ = {isa = PBXBuildFile; fileRef = 9DAD05A114D0A86400B3361C /* ViewController.m */; };
		9DAD05A514D0A86400B3361C /* ViewController.xib in Resources */ = {isa = PBXBuildFile; fileRef = 9DAD05A314D0A86400B3361C /* ViewController.xib */; };
		9DAD05AC14D0A8D300B3361C /* libIOKit.dylib in Frameworks */ = {isa = PBXBuildFile; fileRef = 9DAD05AB14D0A8D300B3361C /* libIOKit.dylib */; };
/* End PBXBuildFile section */

/* Begin PBXFileReference section */
		9DAD058A14D0A86400B3361C /* IOKitTest.app */ = {isa = PBXFileReference; explicitFileType = wrapper.application; includeInIndex = 0; path = IOKitTest.app; sourceTree = BUILT_PRODUCTS_DIR; };
		9DAD058E14D0A86400B3361C /* UIKit.framework */ = {isa = PBXFileReference; lastKnownFileType = wrapper.framework; name = UIKit.framework; path = System/Library/Frameworks/UIKit.framework; sourceTree = SDKROOT; };
		9DAD059014D0A86400B3361C /* Foundation.framework */ = {isa = PBXFileReference; lastKnownFileType = wrapper.framework; name = Foundation.framework; path = System/Library/Frameworks/Foundation.framework; sourceTree = SDKROOT; };
		9DAD059214D0A86400B3361C /* CoreGraphics.framework */ = {isa = PBXFileReference; lastKnownFileType = wrapper.framework; name = CoreGraphics.framework; path = System/Library/Frameworks/CoreGraphics.framework; sourceTree = SDKROOT; };
		9DAD059614D0A86400B3361C /* IOKitTest-Info.plist */ = {isa = PBXFileReference; lastKnownFileType = text.plist.xml; path = "IOKitTest-Info.plist"; sourceTree = "<group>"; };
		9DAD059814D0A86400B3361C /* en */ = {isa = PBXFileReference; lastKnownFileType = text.plist.strings; name = en; path = en.lproj/InfoPlist.strings; sourceTree = "<group>"; };
		9DAD059A14D0A86400B3361C /* main.m */ = {isa = PBXFileReference; lastKnownFileType = sourcecode.c.objc; path = main.m; sourceTree = "<group>"; };
		9DAD059C14D0A86400B3361C /* IOKitTest-Prefix.pch */ = {isa = PBXFileReference; lastKnownFileType = sourcecode.c.h; path = "IOKitTest-Prefix.pch"; sourceTree = "<group>"; };
		9DAD059D14D0A86400B3361C /* AppDelegate.h */ = {isa = PBXFileReference; lastKnownFileType = sourcecode.c.h; path = AppDelegate.h; sourceTree = "<group>"; };
		9DAD059E14D0A86400B3361C /* AppDelegate.m */ = {isa = PBXFileReference; lastKnownFileType = sourcecode.c.objc; path = AppDelegate.m; sourceTree = "<group>"; };
		9DAD05A014D0A86400B3361C /* ViewController.h */ = {isa = PBXFileReference; lastKnownFileType = sourcecode.c.h; path = ViewController.h; sourceTree = "<group>"; };
		9DAD05A114D0A86400B3361C /* ViewController.m */ = {isa = PBXFileReference; lastKnownFileType = sourcecode.c.objc; path = ViewController.m; sourceTree = "<group>"; };
		9DAD05A414D0A86400B3361C /* en */ = {isa = PBXFileReference; lastKnownFileType = file.xib; name = en; path = en.lproj/ViewController.xib; sourceTree = "<group>"; };
		9DAD05AB14D0A8D300B3361C /* libIOKit.dylib */ = {isa = PBXFileReference; lastKnownFileType = "compiled.mach-o.dylib"; name = libIOKit.dylib; path = usr/lib/libIOKit.dylib; sourceTree = SDKROOT; };
/* End PBXFileReference section */

/* Begin PBXFrameworksBuildPhase section */
		9DAD058714D0A86400B3361C /* Frameworks */ = {
			isa = PBXFrameworksBuildPhase;
			buildActionMask = 2147483647;
			files = (
				9DAD05AC14D0A8D300B3361C /* libIOKit.dylib in Frameworks */,
				9DAD058F14D0A86400B3361C /* UIKit.framework in Frameworks */,
				9DAD059114D0A86400B3361C /* Foundation.framework in Frameworks */,
				9DAD059314D0A86400B3361C /* CoreGraphics.framework in Frameworks */,
			);
			runOnlyForDeploymentPostprocessing = 0;
		};
/* End PBXFrameworksBuildPhase section */

/* Begin PBXGroup section */
		9DAD057F14D0A86300B3361C = {
			isa = PBXGroup;
			children = (
				9DAD05AB14D0A8D300B3361C /* libIOKit.dylib */,
				9DAD059414D0A86400B3361C /* IOKitTest */,
				9DAD058D14D0A86400B3361C /* Frameworks */,
				9DAD058B14D0A86400B3361C /* Products */,
			);
			sourceTree = "<group>";
		};
		9DAD058B14D0A86400B3361C /* Products */ = {
			isa = PBXGroup;
			children = (
				9DAD058A14D0A86400B3361C /* IOKitTest.app */,
			);
			name = Products;
			sourceTree = "<group>";
		};
		9DAD058D14D0A86400B3361C /* Frameworks */ = {
			isa = PBXGroup;
			children = (
				9DAD058E14D0A86400B3361C /* UIKit.framework */,
				9DAD059014D0A86400B3361C /* Foundation.framework */,
				9DAD059214D0A86400B3361C /* CoreGraphics.framework */,
			);
			name = Frameworks;
			sourceTree = "<group>";
		};
		9DAD059414D0A86400B3361C /* IOKitTest */ = {
			isa = PBXGroup;
			children = (
				9DAD059D14D0A86400B3361C /* AppDelegate.h */,
				9DAD059E14D0A86400B3361C /* AppDelegate.m */,
				9DAD05A014D0A86400B3361C /* ViewController.h */,
				9DAD05A114D0A86400B3361C /* ViewController.m */,
				9DAD05A314D0A86400B3361C /* ViewController.xib */,
				9DAD059514D0A86400B3361C /* Supporting Files */,
			);
			path = IOKitTest;
			sourceTree = "<group>";
		};
		9DAD059514D0A86400B3361C /* Supporting Files */ = {
			isa = PBXGroup;
			children = (
				9DAD059614D0A86400B3361C /* IOKitTest-Info.plist */,
				9DAD059714D0A86400B3361C /* InfoPlist.strings */,
				9DAD059A14D0A86400B3361C /* main.m */,
				9DAD059C14D0A86400B3361C /* IOKitTest-Prefix.pch */,
			);
			name = "Supporting Files";
			sourceTree = "<group>";
		};
/* End PBXGroup section */

/* Begin PBXNativeTarget section */
		9DAD058914D0A86400B3361C /* IOKitTest */ = {
			isa = PBXNativeTarget;
			buildConfigurationList = 9DAD05A814D0A86400B3361C /* Build configuration list for PBXNativeTarget "IOKitTest" */;
			buildPhases = (
				9DAD058614D0A86400B3361C /* Sources */,
				9DAD058714D0A86400B3361C /* Frameworks */,
				9DAD058814D0A86400B3361C /* Resources */,
			);
			buildRules = (
			);
			dependencies = (
			);
			name = IOKitTest;
			productName = IOKitTest;
			productReference = 9DAD058A14D0A86400B3361C /* IOKitTest.app */;
			productType = "com.apple.product-type.application";
		};
/* End PBXNativeTarget section */

/* Begin PBXProject section */
		9DAD058114D0A86300B3361C /* Project object */ = {
			isa = PBXProject;
			attributes = {
				LastUpgradeCheck = 0420;
				ORGANIZATIONNAME = "Bold International";
			};
			buildConfigurationList = 9DAD058414D0A86300B3361C /* Build configuration list for PBXProject "IOKitTest" */;
			compatibilityVersion = "Xcode 3.2";
			developmentRegion = English;
			hasScannedForEncodings = 0;
			knownRegions = (
				en,
			);
			mainGroup = 9DAD057F14D0A86300B3361C;
			productRefGroup = 9DAD058B14D0A86400B3361C /* Products */;
			projectDirPath = "";
			projectRoot = "";
			targets = (
				9DAD058914D0A86400B3361C /* IOKitTest */,
			);
		};
/* End PBXProject section */

/* Begin PBXResourcesBuildPhase section */
		9DAD058814D0A86400B3361C /* Resources */ = {
			isa = PBXResourcesBuildPhase;
			buildActionMask = 2147483647;
			files = (
				9DAD059914D0A86400B3361C /* InfoPlist.strings in Resources */,
				9DAD05A514D0A86400B3361C /* ViewController.xib in Resources */,
			);
			runOnlyForDeploymentPostprocessing = 0;
		};
/* End PBXResourcesBuildPhase section */

/* Begin PBXSourcesBuildPhase section */
		9DAD058614D0A86400B3361C /* Sources */ = {
			isa = PBXSourcesBuildPhase;
			buildActionMask = 2147483647;
			files = (
				9DAD059B14D0A86400B3361C /* main.m in Sources */,
				9DAD059F14D0A86400B3361C /* AppDelegate.m in Sources */,
				9DAD05A214D0A86400B3361C /* ViewController.m in Sources */,
			);
			runOnlyForDeploymentPostprocessing = 0;
		};
/* End PBXSourcesBuildPhase section */

/* Begin PBXVariantGroup section */
		9DAD059714D0A86400B3361C /* InfoPlist.strings */ = {
			isa = PBXVariantGroup;
			children = (
				9DAD059814D0A86400B3361C /* en */,
			);
			name = InfoPlist.strings;
			sourceTree = "<group>";
		};
		9DAD05A314D0A86400B3361C /* ViewController.xib */ = {
			isa = PBXVariantGroup;
			children = (
				9DAD05A414D0A86400B3361C /* en */,
			);
			name = ViewController.xib;
			sourceTree = "<group>";
		};
/* End PBXVariantGroup section */

/* Begin XCBuildConfiguration section */
		9DAD05A614D0A86400B3361C /* Debug */ = {
			isa = XCBuildConfiguration;
			buildSettings = {
				ALWAYS_SEARCH_USER_PATHS = NO;
				ARCHS = "$(ARCHS_STANDARD_32_BIT)";
				"CODE_SIGN_IDENTITY[sdk=iphoneos*]" = "iPhone Developer";
				COPY_PHASE_STRIP = NO;
				GCC_C_LANGUAGE_STANDARD = gnu99;
				GCC_DYNAMIC_NO_PIC = NO;
				GCC_OPTIMIZATION_LEVEL = 0;
				GCC_PREPROCESSOR_DEFINITIONS = (
					"DEBUG=1",
					"$(inherited)",
				);
				GCC_SYMBOLS_PRIVATE_EXTERN = NO;
				GCC_VERSION = com.apple.compilers.llvm.clang.1_0;
				GCC_WARN_ABOUT_MISSING_PROTOTYPES = YES;
				GCC_WARN_ABOUT_RETURN_TYPE = YES;
				GCC_WARN_UNUSED_VARIABLE = YES;
				IPHONEOS_DEPLOYMENT_TARGET = 5.0;
				SDKROOT = iphoneos;
			};
			name = Debug;
		};
		9DAD05A714D0A86400B3361C /* Release */ = {
			isa = XCBuildConfiguration;
			buildSettings = {
				ALWAYS_SEARCH_USER_PATHS = NO;
				ARCHS = "$(ARCHS_STANDARD_32_BIT)";
				"CODE_SIGN_IDENTITY[sdk=iphoneos*]" = "iPhone Developer";
				COPY_PHASE_STRIP = YES;
				GCC_C_LANGUAGE_STANDARD = gnu99;
				GCC_VERSION = com.apple.compilers.llvm.clang.1_0;
				GCC_WARN_ABOUT_MISSING_PROTOTYPES = YES;
				GCC_WARN_ABOUT_RETURN_TYPE = YES;
				GCC_WARN_UNUSED_VARIABLE = YES;
				IPHONEOS_DEPLOYMENT_TARGET = 5.0;
				OTHER_CFLAGS = "-DNS_BLOCK_ASSERTIONS=1";
				SDKROOT = iphoneos;
				VALIDATE_PRODUCT = YES;
			};
			name = Release;
		};
		9DAD05A914D0A86400B3361C /* Debug */ = {
			isa = XCBuildConfiguration;
			buildSettings = {
				ALWAYS_SEARCH_USER_PATHS = YES;
				GCC_PRECOMPILE_PREFIX_HEADER = YES;
				GCC_PREFIX_HEADER = "IOKitTest/IOKitTest-Prefix.pch";
				INFOPLIST_FILE = "IOKitTest/IOKitTest-Info.plist";
				PRODUCT_NAME = "$(TARGET_NAME)";
				USER_HEADER_SEARCH_PATHS = "/Users/gnascim/Code/Headers/**";
				WRAPPER_EXTENSION = app;
			};
			name = Debug;
		};
		9DAD05AA14D0A86400B3361C /* Release */ = {
			isa = XCBuildConfiguration;
			buildSettings = {
				ALWAYS_SEARCH_USER_PATHS = YES;
				GCC_PRECOMPILE_PREFIX_HEADER = YES;
				GCC_PREFIX_HEADER = "IOKitTest/IOKitTest-Prefix.pch";
				INFOPLIST_FILE = "IOKitTest/IOKitTest-Info.plist";
				PRODUCT_NAME = "$(TARGET_NAME)";
				USER_HEADER_SEARCH_PATHS = "/Users/gnascim/Code/Headers/**";
				WRAPPER_EXTENSION = app;
			};
			name = Release;
		};
/* End XCBuildConfiguration section */

/* Begin XCConfigurationList section */
		9DAD058414D0A86300B3361C /* Build configuration list for PBXProject "IOKitTest" */ = {
			isa = XCConfigurationList;
			buildConfigurations = (
				9DAD05A614D0A86400B3361C /* Debug */,
				9DAD05A714D0A86400B3361C /* Release */,
			);
			defaultConfigurationIsVisible = 0;
			defaultConfigurationName = Release;
		};
		9DAD05A814D0A86400B3361C /* Build configuration list for PBXNativeTarget "IOKitTest" */ = {
			isa = XCConfigurationList;
			buildConfigurations = (
				9DAD05A914D0A86400B3361C /* Debug */,
				9DAD05AA14D0A86400B3361C /* Release */,
			);
			defaultConfigurationIsVisible = 0;
		};
/* End XCConfigurationList section */
	};
	rootObject = 9DAD058114D0A86300B3361C /* Project object */;
}
